PODS:
  - Alamofire (4.2.0)
  - Aldo (0.5.2):
    - Alamofire (~> 4.0)
  - netfox (1.8)
  - SKPhotoBrowser (4.0.0)
  - Starscream (2.0.2)
  - SwiftSpinner (1.1.0)
  - Toaster (2.0.1)

DEPENDENCIES:
  - Aldo (from `https://github.com/makchich/aldo-api-client-library-ios.git`, branch `develop`)
  - netfox (from `https://github.com/kasketis/netfox.git`, branch `swift3`)
  - SKPhotoBrowser
  - Starscream (~> 2.0.0)
  - SwiftSpinner
  - Toaster

EXTERNAL SOURCES:
  Aldo:
    :branch: develop
    :git: https://github.com/makchich/aldo-api-client-library-ios.git
  netfox:
    :branch: swift3
    :git: https://github.com/kasketis/netfox.git

CHECKOUT OPTIONS:
  Aldo:
    :commit: 3c116d35e2f6f53ca1b6c3d0d92672ece974715a
    :git: https://github.com/makchich/aldo-api-client-library-ios.git
  netfox:
    :commit: 01c8a05f3a376180691c7fc61e76eae49ed9ac1f
    :git: https://github.com/kasketis/netfox.git

SPEC CHECKSUMS:
  Alamofire: aa2e09d871c9160ac53c90e83c68064a94e3dfbe
  Aldo: 6e9e2007ce4247e2caaa4eb6ef2ee0ea2c3cf378
  netfox: b153c852b852453057f7ded304ff1678c9f4b15f
  SKPhotoBrowser: bc33eca22f4abd6b99d8d260509ca30c01752a87
  Starscream: 6c135a34e0a6e60cedaa0b30db67a4c05cf7cd38
  SwiftSpinner: c03815614599b91eea46594bd52ba742849d0414
  Toaster: be65cd48e93a525b2a9cc4bd25a2bfc900e02d9f

PODFILE CHECKSUM: 5a234b5fb1d29221562bbce832b33c7cbdd46a11

COCOAPODS: 1.1.1
