// !$*UTF8*$!
{
	archiveVersion = 1;
	classes = {
	};
	objectVersion = 46;
	objects = {

/* Begin PBXBuildFile section */
		3F3C15EA1E37F1990086413E /* Mundus_iosTests.swift in Sources */ = {isa = PBXBuildFile; fileRef = 52D9309F1E083569000D7EF1 /* Mundus_iosTests.swift */; };
		52491BAC1E1D2CE10003B2E9 /* SessionPlayersTVC.swift in Sources */ = {isa = PBXBuildFile; fileRef = 52491BAB1E1D2CE10003B2E9 /* SessionPlayersTVC.swift */; };
		527F995D1E1DD35600A04EF5 /* CardView.swift in Sources */ = {isa = PBXBuildFile; fileRef = 527F995C1E1DD35600A04EF5 /* CardView.swift */; };
		527F995F1E1EDC7300A04EF5 /* SourcesVC.swift in Sources */ = {isa = PBXBuildFile; fileRef = 527F995E1E1EDC7300A04EF5 /* SourcesVC.swift */; };
		52D9308B1E083569000D7EF1 /* AppDelegate.swift in Sources */ = {isa = PBXBuildFile; fileRef = 52D9308A1E083569000D7EF1 /* AppDelegate.swift */; };
		52D9308D1E083569000D7EF1 /* GameSetupVC.swift in Sources */ = {isa = PBXBuildFile; fileRef = 52D9308C1E083569000D7EF1 /* GameSetupVC.swift */; };
		52D930901E083569000D7EF1 /* Main.storyboard in Resources */ = {isa = PBXBuildFile; fileRef = 52D9308E1E083569000D7EF1 /* Main.storyboard */; };
		52D930921E083569000D7EF1 /* Assets.xcassets in Resources */ = {isa = PBXBuildFile; fileRef = 52D930911E083569000D7EF1 /* Assets.xcassets */; };
		52D930951E083569000D7EF1 /* LaunchScreen.storyboard in Resources */ = {isa = PBXBuildFile; fileRef = 52D930931E083569000D7EF1 /* LaunchScreen.storyboard */; };
		52D930AB1E083569000D7EF1 /* Mundus_iosUITests.swift in Sources */ = {isa = PBXBuildFile; fileRef = 52D930AA1E083569000D7EF1 /* Mundus_iosUITests.swift */; };
		6122B034291661639D8929FB /* TokenVC.swift in Sources */ = {isa = PBXBuildFile; fileRef = 6122BACC93790BADB745A7AD /* TokenVC.swift */; };
		6122B2B8C4F698A3060250B9 /* Mundus.swift in Sources */ = {isa = PBXBuildFile; fileRef = 6122B3FD6C33B88020F85C82 /* Mundus.swift */; };
		6122B303F2656E16B15AAD78 /* UserQuestionVC.swift in Sources */ = {isa = PBXBuildFile; fileRef = 6122B30597EBB59FE18BE2CF /* UserQuestionVC.swift */; };
		6122B3EFCFDFDD2BA503FFAF /* UserQuestionCell.xib in Resources */ = {isa = PBXBuildFile; fileRef = 6122B23A3CEEC9CE9691B349 /* UserQuestionCell.xib */; };
		6122B65C62E52BD91EFFA7DD /* SessionPlayerCell.xib in Resources */ = {isa = PBXBuildFile; fileRef = 6122B5FBAA39C44FF034BC88 /* SessionPlayerCell.xib */; };
		6122B74338FDB678257C5C3E /* PublicationCell.xib in Resources */ = {isa = PBXBuildFile; fileRef = 6122BD3A4893BDD87AECEB68 /* PublicationCell.xib */; };
		6122B7A093ABD57984C64167 /* PlaceholderViewholder.swift in Sources */ = {isa = PBXBuildFile; fileRef = 6122BBED709DFB6FAD80B13C /* PlaceholderViewholder.swift */; };
		6122B873A073D4DC11964DF2 /* AdminQuestionCell.xib in Resources */ = {isa = PBXBuildFile; fileRef = 6122B6F43BA90C943C5223AD /* AdminQuestionCell.xib */; };
		6122B8C43D3A279EEC526942 /* AdminDashBoard.swift in Sources */ = {isa = PBXBuildFile; fileRef = 6122B9B5A3D017B1D6AA7E5C /* AdminDashBoard.swift */; };
		6122BB13A5AA50DDAA97A1C6 /* UserQuestionCell.swift in Sources */ = {isa = PBXBuildFile; fileRef = 6122BB0E738EF97451782448 /* UserQuestionCell.swift */; };
		6122BBFC7C6ADB4BE044CB90 /* SessionPlayerCell.swift in Sources */ = {isa = PBXBuildFile; fileRef = 6122B64A295A195BDEBC18C1 /* SessionPlayerCell.swift */; };
		6122BC2B9151F41B5A24F431 /* AdminQuestionCell.swift in Sources */ = {isa = PBXBuildFile; fileRef = 6122B5021B813FD758F64FFF /* AdminQuestionCell.swift */; };
		6122BCA5453ACAE1F8EC16DC /* AdminQuestionsVC.swift in Sources */ = {isa = PBXBuildFile; fileRef = 6122B9090958C537A8DEF819 /* AdminQuestionsVC.swift */; };
		6122BD07C588E8484038D66A /* ReviewCallback.swift in Sources */ = {isa = PBXBuildFile; fileRef = 6122BED0BF8FFE73281288AA /* ReviewCallback.swift */; };
		6122BD71405B6FA9481B0FB1 /* PublicationCell.swift in Sources */ = {isa = PBXBuildFile; fileRef = 6122BE56793AD11456F89E0A /* PublicationCell.swift */; };
		6122BD8CB98B1D76ECEF89DC /* ImgCell.swift in Sources */ = {isa = PBXBuildFile; fileRef = 6122B6A6135493CD82BE71DF /* ImgCell.swift */; };
		6122BDBE6BAAF0BC32BE129D /* Mp3VC.swift in Sources */ = {isa = PBXBuildFile; fileRef = 6122BB5BA0DBF1C22CF22BAA /* Mp3VC.swift */; };
		8805AC4BA25054B1435BBA14 /* Pods_Mundus_iosTests.framework in Frameworks */ = {isa = PBXBuildFile; fileRef = EFF45E8AD94FEF6CDC388043 /* Pods_Mundus_iosTests.framework */; };
		B15AB4E4CFDD6536353264DE /* Pods_Mundus_iosUITests.framework in Frameworks */ = {isa = PBXBuildFile; fileRef = 2B91A05E0CBD0F415C3D578D /* Pods_Mundus_iosUITests.framework */; };
		C71625EF5AE34DDD73100B15 /* Pods_Mundus_ios.framework in Frameworks */ = {isa = PBXBuildFile; fileRef = B4EDF7C4920A9B26471C13EB /* Pods_Mundus_ios.framework */; };
/* End PBXBuildFile section */

/* Begin PBXContainerItemProxy section */
		52D9309C1E083569000D7EF1 /* PBXContainerItemProxy */ = {
			isa = PBXContainerItemProxy;
			containerPortal = 52D9307F1E083568000D7EF1 /* Project object */;
			proxyType = 1;
			remoteGlobalIDString = 52D930861E083568000D7EF1;
			remoteInfo = Mundus_ios;
		};
		52D930A71E083569000D7EF1 /* PBXContainerItemProxy */ = {
			isa = PBXContainerItemProxy;
			containerPortal = 52D9307F1E083568000D7EF1 /* Project object */;
			proxyType = 1;
			remoteGlobalIDString = 52D930861E083568000D7EF1;
			remoteInfo = Mundus_ios;
		};
/* End PBXContainerItemProxy section */

/* Begin PBXFileReference section */
		2B91A05E0CBD0F415C3D578D /* Pods_Mundus_iosUITests.framework */ = {isa = PBXFileReference; explicitFileType = wrapper.framework; includeInIndex = 0; path = Pods_Mundus_iosUITests.framework; sourceTree = BUILT_PRODUCTS_DIR; };
		2F82466C457ABA2D2DB4B881 /* Pods-Mundus_ios.release.xcconfig */ = {isa = PBXFileReference; includeInIndex = 1; lastKnownFileType = text.xcconfig; name = "Pods-Mundus_ios.release.xcconfig"; path = "Pods/Target Support Files/Pods-Mundus_ios/Pods-Mundus_ios.release.xcconfig"; sourceTree = "<group>"; };
		52491BAB1E1D2CE10003B2E9 /* SessionPlayersTVC.swift */ = {isa = PBXFileReference; fileEncoding = 4; lastKnownFileType = sourcecode.swift; path = SessionPlayersTVC.swift; sourceTree = "<group>"; };
		527F995C1E1DD35600A04EF5 /* CardView.swift */ = {isa = PBXFileReference; fileEncoding = 4; lastKnownFileType = sourcecode.swift; path = CardView.swift; sourceTree = "<group>"; };
		527F995E1E1EDC7300A04EF5 /* SourcesVC.swift */ = {isa = PBXFileReference; fileEncoding = 4; lastKnownFileType = sourcecode.swift; path = SourcesVC.swift; sourceTree = "<group>"; };
		52D930871E083568000D7EF1 /* Mundus_ios.app */ = {isa = PBXFileReference; explicitFileType = wrapper.application; includeInIndex = 0; path = Mundus_ios.app; sourceTree = BUILT_PRODUCTS_DIR; };
		52D9308A1E083569000D7EF1 /* AppDelegate.swift */ = {isa = PBXFileReference; lastKnownFileType = sourcecode.swift; path = AppDelegate.swift; sourceTree = "<group>"; };
		52D9308C1E083569000D7EF1 /* GameSetupVC.swift */ = {isa = PBXFileReference; lastKnownFileType = sourcecode.swift; path = GameSetupVC.swift; sourceTree = "<group>"; };
		52D9308F1E083569000D7EF1 /* Base */ = {isa = PBXFileReference; lastKnownFileType = file.storyboard; name = Base; path = Base.lproj/Main.storyboard; sourceTree = "<group>"; };
		52D930911E083569000D7EF1 /* Assets.xcassets */ = {isa = PBXFileReference; lastKnownFileType = folder.assetcatalog; path = Assets.xcassets; sourceTree = "<group>"; };
		52D930941E083569000D7EF1 /* Base */ = {isa = PBXFileReference; lastKnownFileType = file.storyboard; name = Base; path = Base.lproj/LaunchScreen.storyboard; sourceTree = "<group>"; };
		52D930961E083569000D7EF1 /* Info.plist */ = {isa = PBXFileReference; lastKnownFileType = text.plist.xml; path = Info.plist; sourceTree = "<group>"; };
		52D9309B1E083569000D7EF1 /* Mundus_iosTests.xctest */ = {isa = PBXFileReference; explicitFileType = wrapper.cfbundle; includeInIndex = 0; path = Mundus_iosTests.xctest; sourceTree = BUILT_PRODUCTS_DIR; };
		52D9309F1E083569000D7EF1 /* Mundus_iosTests.swift */ = {isa = PBXFileReference; lastKnownFileType = sourcecode.swift; path = Mundus_iosTests.swift; sourceTree = "<group>"; };
		52D930A11E083569000D7EF1 /* Info.plist */ = {isa = PBXFileReference; lastKnownFileType = text.plist.xml; path = Info.plist; sourceTree = "<group>"; };
		52D930A61E083569000D7EF1 /* Mundus_iosUITests.xctest */ = {isa = PBXFileReference; explicitFileType = wrapper.cfbundle; includeInIndex = 0; path = Mundus_iosUITests.xctest; sourceTree = BUILT_PRODUCTS_DIR; };
		52D930AA1E083569000D7EF1 /* Mundus_iosUITests.swift */ = {isa = PBXFileReference; lastKnownFileType = sourcecode.swift; path = Mundus_iosUITests.swift; sourceTree = "<group>"; };
		52D930AC1E083569000D7EF1 /* Info.plist */ = {isa = PBXFileReference; lastKnownFileType = text.plist.xml; path = Info.plist; sourceTree = "<group>"; };
		5500B6A8DA923EF0BDEA966A /* Pods-Mundus_iosTests.release.xcconfig */ = {isa = PBXFileReference; includeInIndex = 1; lastKnownFileType = text.xcconfig; name = "Pods-Mundus_iosTests.release.xcconfig"; path = "Pods/Target Support Files/Pods-Mundus_iosTests/Pods-Mundus_iosTests.release.xcconfig"; sourceTree = "<group>"; };
		6122B23A3CEEC9CE9691B349 /* UserQuestionCell.xib */ = {isa = PBXFileReference; lastKnownFileType = file.xib; path = UserQuestionCell.xib; sourceTree = "<group>"; };
		6122B30597EBB59FE18BE2CF /* UserQuestionVC.swift */ = {isa = PBXFileReference; fileEncoding = 4; lastKnownFileType = sourcecode.swift; path = UserQuestionVC.swift; sourceTree = "<group>"; };
		6122B3FD6C33B88020F85C82 /* Mundus.swift */ = {isa = PBXFileReference; fileEncoding = 4; lastKnownFileType = sourcecode.swift; path = Mundus.swift; sourceTree = "<group>"; };
		6122B5021B813FD758F64FFF /* AdminQuestionCell.swift */ = {isa = PBXFileReference; fileEncoding = 4; lastKnownFileType = sourcecode.swift; path = AdminQuestionCell.swift; sourceTree = "<group>"; };
		6122B5FBAA39C44FF034BC88 /* SessionPlayerCell.xib */ = {isa = PBXFileReference; lastKnownFileType = file.xib; path = SessionPlayerCell.xib; sourceTree = "<group>"; };
		6122B64A295A195BDEBC18C1 /* SessionPlayerCell.swift */ = {isa = PBXFileReference; fileEncoding = 4; lastKnownFileType = sourcecode.swift; path = SessionPlayerCell.swift; sourceTree = "<group>"; };
		6122B6A6135493CD82BE71DF /* ImgCell.swift */ = {isa = PBXFileReference; fileEncoding = 4; lastKnownFileType = sourcecode.swift; path = ImgCell.swift; sourceTree = "<group>"; };
		6122B6F43BA90C943C5223AD /* AdminQuestionCell.xib */ = {isa = PBXFileReference; lastKnownFileType = file.xib; path = AdminQuestionCell.xib; sourceTree = "<group>"; };
		6122B9090958C537A8DEF819 /* AdminQuestionsVC.swift */ = {isa = PBXFileReference; fileEncoding = 4; lastKnownFileType = sourcecode.swift; path = AdminQuestionsVC.swift; sourceTree = "<group>"; };
		6122B9B5A3D017B1D6AA7E5C /* AdminDashBoard.swift */ = {isa = PBXFileReference; fileEncoding = 4; lastKnownFileType = sourcecode.swift; path = AdminDashBoard.swift; sourceTree = "<group>"; };
		6122BACC93790BADB745A7AD /* TokenVC.swift */ = {isa = PBXFileReference; fileEncoding = 4; lastKnownFileType = sourcecode.swift; path = TokenVC.swift; sourceTree = "<group>"; };
		6122BB0E738EF97451782448 /* UserQuestionCell.swift */ = {isa = PBXFileReference; fileEncoding = 4; lastKnownFileType = sourcecode.swift; path = UserQuestionCell.swift; sourceTree = "<group>"; };
		6122BB5BA0DBF1C22CF22BAA /* Mp3VC.swift */ = {isa = PBXFileReference; fileEncoding = 4; lastKnownFileType = sourcecode.swift; path = Mp3VC.swift; sourceTree = "<group>"; };
		6122BBED709DFB6FAD80B13C /* PlaceholderViewholder.swift */ = {isa = PBXFileReference; fileEncoding = 4; lastKnownFileType = sourcecode.swift; path = PlaceholderViewholder.swift; sourceTree = "<group>"; };
		6122BD3A4893BDD87AECEB68 /* PublicationCell.xib */ = {isa = PBXFileReference; lastKnownFileType = file.xib; path = PublicationCell.xib; sourceTree = "<group>"; };
		6122BE56793AD11456F89E0A /* PublicationCell.swift */ = {isa = PBXFileReference; fileEncoding = 4; lastKnownFileType = sourcecode.swift; path = PublicationCell.swift; sourceTree = "<group>"; };
		6122BED0BF8FFE73281288AA /* ReviewCallback.swift */ = {isa = PBXFileReference; fileEncoding = 4; lastKnownFileType = sourcecode.swift; path = ReviewCallback.swift; sourceTree = "<group>"; };
		8351758911D96C99E6507386 /* Pods-Mundus_iosUITests.release.xcconfig */ = {isa = PBXFileReference; includeInIndex = 1; lastKnownFileType = text.xcconfig; name = "Pods-Mundus_iosUITests.release.xcconfig"; path = "Pods/Target Support Files/Pods-Mundus_iosUITests/Pods-Mundus_iosUITests.release.xcconfig"; sourceTree = "<group>"; };
		926502BEC3ECE13A8DECFFC2 /* Pods-Mundus_iosUITests.debug.xcconfig */ = {isa = PBXFileReference; includeInIndex = 1; lastKnownFileType = text.xcconfig; name = "Pods-Mundus_iosUITests.debug.xcconfig"; path = "Pods/Target Support Files/Pods-Mundus_iosUITests/Pods-Mundus_iosUITests.debug.xcconfig"; sourceTree = "<group>"; };
		B4EDF7C4920A9B26471C13EB /* Pods_Mundus_ios.framework */ = {isa = PBXFileReference; explicitFileType = wrapper.framework; includeInIndex = 0; path = Pods_Mundus_ios.framework; sourceTree = BUILT_PRODUCTS_DIR; };
		EF8B3B799D13836316AB4322 /* Pods-Mundus_iosTests.debug.xcconfig */ = {isa = PBXFileReference; includeInIndex = 1; lastKnownFileType = text.xcconfig; name = "Pods-Mundus_iosTests.debug.xcconfig"; path = "Pods/Target Support Files/Pods-Mundus_iosTests/Pods-Mundus_iosTests.debug.xcconfig"; sourceTree = "<group>"; };
		EFF45E8AD94FEF6CDC388043 /* Pods_Mundus_iosTests.framework */ = {isa = PBXFileReference; explicitFileType = wrapper.framework; includeInIndex = 0; path = Pods_Mundus_iosTests.framework; sourceTree = BUILT_PRODUCTS_DIR; };
		F54018A36C9ADE82475AAB19 /* Pods-Mundus_ios.debug.xcconfig */ = {isa = PBXFileReference; includeInIndex = 1; lastKnownFileType = text.xcconfig; name = "Pods-Mundus_ios.debug.xcconfig"; path = "Pods/Target Support Files/Pods-Mundus_ios/Pods-Mundus_ios.debug.xcconfig"; sourceTree = "<group>"; };
/* End PBXFileReference section */

/* Begin PBXFrameworksBuildPhase section */
		52D930841E083568000D7EF1 /* Frameworks */ = {
			isa = PBXFrameworksBuildPhase;
			buildActionMask = 2147483647;
			files = (
				C71625EF5AE34DDD73100B15 /* Pods_Mundus_ios.framework in Frameworks */,
			);
			runOnlyForDeploymentPostprocessing = 0;
		};
		52D930981E083569000D7EF1 /* Frameworks */ = {
			isa = PBXFrameworksBuildPhase;
			buildActionMask = 2147483647;
			files = (
				8805AC4BA25054B1435BBA14 /* Pods_Mundus_iosTests.framework in Frameworks */,
			);
			runOnlyForDeploymentPostprocessing = 0;
		};
		52D930A31E083569000D7EF1 /* Frameworks */ = {
			isa = PBXFrameworksBuildPhase;
			buildActionMask = 2147483647;
			files = (
				B15AB4E4CFDD6536353264DE /* Pods_Mundus_iosUITests.framework in Frameworks */,
			);
			runOnlyForDeploymentPostprocessing = 0;
		};
/* End PBXFrameworksBuildPhase section */

/* Begin PBXGroup section */
		3F6DC55E1E37CF8D00277A7A /* mundus */ = {
			isa = PBXGroup;
			children = (
				6122B3FD6C33B88020F85C82 /* Mundus.swift */,
				6122BED0BF8FFE73281288AA /* ReviewCallback.swift */,
			);
			name = mundus;
			sourceTree = "<group>";
		};
		51F7D1379CB381CB0BE9BC7E /* Frameworks */ = {
			isa = PBXGroup;
			children = (
				B4EDF7C4920A9B26471C13EB /* Pods_Mundus_ios.framework */,
				EFF45E8AD94FEF6CDC388043 /* Pods_Mundus_iosTests.framework */,
				2B91A05E0CBD0F415C3D578D /* Pods_Mundus_iosUITests.framework */,
			);
			name = Frameworks;
			sourceTree = "<group>";
		};
		52D9307E1E083568000D7EF1 = {
			isa = PBXGroup;
			children = (
				52D930891E083568000D7EF1 /* Mundus_ios */,
				52D9309E1E083569000D7EF1 /* Mundus_iosTests */,
				52D930A91E083569000D7EF1 /* Mundus_iosUITests */,
				52D930881E083568000D7EF1 /* Products */,
				5FC53EB566E591E673B63FFD /* Pods */,
				51F7D1379CB381CB0BE9BC7E /* Frameworks */,
			);
			sourceTree = "<group>";
		};
		52D930881E083568000D7EF1 /* Products */ = {
			isa = PBXGroup;
			children = (
				52D930871E083568000D7EF1 /* Mundus_ios.app */,
				52D9309B1E083569000D7EF1 /* Mundus_iosTests.xctest */,
				52D930A61E083569000D7EF1 /* Mundus_iosUITests.xctest */,
			);
			name = Products;
			sourceTree = "<group>";
		};
		52D930891E083568000D7EF1 /* Mundus_ios */ = {
			isa = PBXGroup;
			children = (
				3F6DC55E1E37CF8D00277A7A /* mundus */,
				52D930BA1E084ABA000D7EF1 /* view */,
				52D9308A1E083569000D7EF1 /* AppDelegate.swift */,
				52D9308C1E083569000D7EF1 /* GameSetupVC.swift */,
				52D9308E1E083569000D7EF1 /* Main.storyboard */,
				52D930911E083569000D7EF1 /* Assets.xcassets */,
				52D930931E083569000D7EF1 /* LaunchScreen.storyboard */,
				52D930961E083569000D7EF1 /* Info.plist */,
				6122B9090958C537A8DEF819 /* AdminQuestionsVC.swift */,
				6122BACC93790BADB745A7AD /* TokenVC.swift */,
				52491BAB1E1D2CE10003B2E9 /* SessionPlayersTVC.swift */,
				6122B9B5A3D017B1D6AA7E5C /* AdminDashBoard.swift */,
				527F995E1E1EDC7300A04EF5 /* SourcesVC.swift */,
				6122B30597EBB59FE18BE2CF /* UserQuestionVC.swift */,
				6122BB5BA0DBF1C22CF22BAA /* Mp3VC.swift */,
			);
			path = Mundus_ios;
			sourceTree = "<group>";
		};
		52D9309E1E083569000D7EF1 /* Mundus_iosTests */ = {
			isa = PBXGroup;
			children = (
				52D9309F1E083569000D7EF1 /* Mundus_iosTests.swift */,
				52D930A11E083569000D7EF1 /* Info.plist */,
			);
			path = Mundus_iosTests;
			sourceTree = "<group>";
		};
		52D930A91E083569000D7EF1 /* Mundus_iosUITests */ = {
			isa = PBXGroup;
			children = (
				52D930AA1E083569000D7EF1 /* Mundus_iosUITests.swift */,
				52D930AC1E083569000D7EF1 /* Info.plist */,
			);
			path = Mundus_iosUITests;
			sourceTree = "<group>";
		};
		52D930BA1E084ABA000D7EF1 /* view */ = {
			isa = PBXGroup;
			children = (
				6122B5FBAA39C44FF034BC88 /* SessionPlayerCell.xib */,
				6122B6F43BA90C943C5223AD /* AdminQuestionCell.xib */,
				6122B64A295A195BDEBC18C1 /* SessionPlayerCell.swift */,
				6122B5021B813FD758F64FFF /* AdminQuestionCell.swift */,
				527F995C1E1DD35600A04EF5 /* CardView.swift */,
				6122B6A6135493CD82BE71DF /* ImgCell.swift */,
				6122BE56793AD11456F89E0A /* PublicationCell.swift */,
				6122BD3A4893BDD87AECEB68 /* PublicationCell.xib */,
				6122BB0E738EF97451782448 /* UserQuestionCell.swift */,
				6122B23A3CEEC9CE9691B349 /* UserQuestionCell.xib */,
				6122BBED709DFB6FAD80B13C /* PlaceholderViewholder.swift */,
			);
			name = view;
			sourceTree = "<group>";
		};
		5FC53EB566E591E673B63FFD /* Pods */ = {
			isa = PBXGroup;
			children = (
				F54018A36C9ADE82475AAB19 /* Pods-Mundus_ios.debug.xcconfig */,
				2F82466C457ABA2D2DB4B881 /* Pods-Mundus_ios.release.xcconfig */,
				EF8B3B799D13836316AB4322 /* Pods-Mundus_iosTests.debug.xcconfig */,
				5500B6A8DA923EF0BDEA966A /* Pods-Mundus_iosTests.release.xcconfig */,
				926502BEC3ECE13A8DECFFC2 /* Pods-Mundus_iosUITests.debug.xcconfig */,
				8351758911D96C99E6507386 /* Pods-Mundus_iosUITests.release.xcconfig */,
			);
			name = Pods;
			sourceTree = "<group>";
		};
/* End PBXGroup section */

/* Begin PBXNativeTarget section */
		52D930861E083568000D7EF1 /* Mundus_ios */ = {
			isa = PBXNativeTarget;
			buildConfigurationList = 52D930AF1E083569000D7EF1 /* Build configuration list for PBXNativeTarget "Mundus_ios" */;
			buildPhases = (
				95912C91067DE4AB8C660796 /* [CP] Check Pods Manifest.lock */,
				52D930831E083568000D7EF1 /* Sources */,
				52D930841E083568000D7EF1 /* Frameworks */,
				52D930851E083568000D7EF1 /* Resources */,
				700533C4BA8263FD306EFC26 /* [CP] Embed Pods Frameworks */,
				D6DC1FAA59F8C7A9A73A0734 /* [CP] Copy Pods Resources */,
				3F377B8A1E35C395006DDEF3 /* SwiftLint */,
			);
			buildRules = (
			);
			dependencies = (
			);
			name = Mundus_ios;
			productName = Mundus_ios;
			productReference = 52D930871E083568000D7EF1 /* Mundus_ios.app */;
			productType = "com.apple.product-type.application";
		};
		52D9309A1E083569000D7EF1 /* Mundus_iosTests */ = {
			isa = PBXNativeTarget;
			buildConfigurationList = 52D930B21E083569000D7EF1 /* Build configuration list for PBXNativeTarget "Mundus_iosTests" */;
			buildPhases = (
				6F9155EEBEF57A46422BB6D8 /* [CP] Check Pods Manifest.lock */,
				52D930971E083569000D7EF1 /* Sources */,
				52D930981E083569000D7EF1 /* Frameworks */,
				52D930991E083569000D7EF1 /* Resources */,
				6C7A0CDE47BAA90037BBD193 /* [CP] Embed Pods Frameworks */,
				0E14F8E675C34BC2DAE74F43 /* [CP] Copy Pods Resources */,
			);
			buildRules = (
			);
			dependencies = (
				52D9309D1E083569000D7EF1 /* PBXTargetDependency */,
			);
			name = Mundus_iosTests;
			productName = Mundus_iosTests;
			productReference = 52D9309B1E083569000D7EF1 /* Mundus_iosTests.xctest */;
			productType = "com.apple.product-type.bundle.unit-test";
		};
		52D930A51E083569000D7EF1 /* Mundus_iosUITests */ = {
			isa = PBXNativeTarget;
			buildConfigurationList = 52D930B51E083569000D7EF1 /* Build configuration list for PBXNativeTarget "Mundus_iosUITests" */;
			buildPhases = (
				A5CB56EA7DCDC29457F38FE2 /* [CP] Check Pods Manifest.lock */,
				52D930A21E083569000D7EF1 /* Sources */,
				52D930A31E083569000D7EF1 /* Frameworks */,
				52D930A41E083569000D7EF1 /* Resources */,
				34A43F99170A1BD373BC28CD /* [CP] Embed Pods Frameworks */,
				F5B889356762530F3B3E27BE /* [CP] Copy Pods Resources */,
			);
			buildRules = (
			);
			dependencies = (
				52D930A81E083569000D7EF1 /* PBXTargetDependency */,
			);
			name = Mundus_iosUITests;
			productName = Mundus_iosUITests;
			productReference = 52D930A61E083569000D7EF1 /* Mundus_iosUITests.xctest */;
			productType = "com.apple.product-type.bundle.ui-testing";
		};
/* End PBXNativeTarget section */

/* Begin PBXProject section */
		52D9307F1E083568000D7EF1 /* Project object */ = {
			isa = PBXProject;
			attributes = {
				LastSwiftUpdateCheck = 0820;
				LastUpgradeCheck = 0820;
				ORGANIZATIONNAME = Stephan;
				TargetAttributes = {
					52D930861E083568000D7EF1 = {
						CreatedOnToolsVersion = 8.2;
						ProvisioningStyle = Automatic;
					};
					52D9309A1E083569000D7EF1 = {
						CreatedOnToolsVersion = 8.2;
						ProvisioningStyle = Automatic;
						TestTargetID = 52D930861E083568000D7EF1;
					};
					52D930A51E083569000D7EF1 = {
						CreatedOnToolsVersion = 8.2;
						ProvisioningStyle = Automatic;
						TestTargetID = 52D930861E083568000D7EF1;
					};
				};
			};
			buildConfigurationList = 52D930821E083568000D7EF1 /* Build configuration list for PBXProject "Mundus_ios" */;
			compatibilityVersion = "Xcode 3.2";
			developmentRegion = English;
			hasScannedForEncodings = 0;
			knownRegions = (
				en,
				Base,
			);
			mainGroup = 52D9307E1E083568000D7EF1;
			productRefGroup = 52D930881E083568000D7EF1 /* Products */;
			projectDirPath = "";
			projectRoot = "";
			targets = (
				52D930861E083568000D7EF1 /* Mundus_ios */,
				52D9309A1E083569000D7EF1 /* Mundus_iosTests */,
				52D930A51E083569000D7EF1 /* Mundus_iosUITests */,
			);
		};
/* End PBXProject section */

/* Begin PBXResourcesBuildPhase section */
		52D930851E083568000D7EF1 /* Resources */ = {
			isa = PBXResourcesBuildPhase;
			buildActionMask = 2147483647;
			files = (
				52D930951E083569000D7EF1 /* LaunchScreen.storyboard in Resources */,
				52D930921E083569000D7EF1 /* Assets.xcassets in Resources */,
				52D930901E083569000D7EF1 /* Main.storyboard in Resources */,
				6122B65C62E52BD91EFFA7DD /* SessionPlayerCell.xib in Resources */,
				6122B873A073D4DC11964DF2 /* AdminQuestionCell.xib in Resources */,
				6122B74338FDB678257C5C3E /* PublicationCell.xib in Resources */,
				6122B3EFCFDFDD2BA503FFAF /* UserQuestionCell.xib in Resources */,
			);
			runOnlyForDeploymentPostprocessing = 0;
		};
		52D930991E083569000D7EF1 /* Resources */ = {
			isa = PBXResourcesBuildPhase;
			buildActionMask = 2147483647;
			files = (
			);
			runOnlyForDeploymentPostprocessing = 0;
		};
		52D930A41E083569000D7EF1 /* Resources */ = {
			isa = PBXResourcesBuildPhase;
			buildActionMask = 2147483647;
			files = (
			);
			runOnlyForDeploymentPostprocessing = 0;
		};
/* End PBXResourcesBuildPhase section */

/* Begin PBXShellScriptBuildPhase section */
		0E14F8E675C34BC2DAE74F43 /* [CP] Copy Pods Resources */ = {
			isa = PBXShellScriptBuildPhase;
			buildActionMask = 2147483647;
			files = (
			);
			inputPaths = (
			);
			name = "[CP] Copy Pods Resources";
			outputPaths = (
			);
			runOnlyForDeploymentPostprocessing = 0;
			shellPath = /bin/sh;
			shellScript = "\"${SRCROOT}/Pods/Target Support Files/Pods-Mundus_iosTests/Pods-Mundus_iosTests-resources.sh\"\n";
			showEnvVarsInLog = 0;
		};
		34A43F99170A1BD373BC28CD /* [CP] Embed Pods Frameworks */ = {
			isa = PBXShellScriptBuildPhase;
			buildActionMask = 2147483647;
			files = (
			);
			inputPaths = (
			);
			name = "[CP] Embed Pods Frameworks";
			outputPaths = (
			);
			runOnlyForDeploymentPostprocessing = 0;
			shellPath = /bin/sh;
			shellScript = "\"${SRCROOT}/Pods/Target Support Files/Pods-Mundus_iosUITests/Pods-Mundus_iosUITests-frameworks.sh\"\n";
			showEnvVarsInLog = 0;
		};
		3F377B8A1E35C395006DDEF3 /* SwiftLint */ = {
			isa = PBXShellScriptBuildPhase;
			buildActionMask = 2147483647;
			files = (
			);
			inputPaths = (
			);
			name = SwiftLint;
			outputPaths = (
			);
			runOnlyForDeploymentPostprocessing = 0;
			shellPath = /bin/sh;
			shellScript = "if which swiftlint >/dev/null; then\n    swiftlint lint --config .swiftlint.yml\nelse\n    echo \"warning: SwiftLint not installed, download from https://github.com/realm/SwiftLint\"\nfi";
		};
		6C7A0CDE47BAA90037BBD193 /* [CP] Embed Pods Frameworks */ = {
			isa = PBXShellScriptBuildPhase;
			buildActionMask = 2147483647;
			files = (
			);
			inputPaths = (
			);
			name = "[CP] Embed Pods Frameworks";
			outputPaths = (
			);
			runOnlyForDeploymentPostprocessing = 0;
			shellPath = /bin/sh;
			shellScript = "\"${SRCROOT}/Pods/Target Support Files/Pods-Mundus_iosTests/Pods-Mundus_iosTests-frameworks.sh\"\n";
			showEnvVarsInLog = 0;
		};
		6F9155EEBEF57A46422BB6D8 /* [CP] Check Pods Manifest.lock */ = {
			isa = PBXShellScriptBuildPhase;
			buildActionMask = 2147483647;
			files = (
			);
			inputPaths = (
			);
			name = "[CP] Check Pods Manifest.lock";
			outputPaths = (
			);
			runOnlyForDeploymentPostprocessing = 0;
			shellPath = /bin/sh;
			shellScript = "diff \"${PODS_ROOT}/../Podfile.lock\" \"${PODS_ROOT}/Manifest.lock\" > /dev/null\nif [ $? != 0 ] ; then\n    # print error to STDERR\n    echo \"error: The sandbox is not in sync with the Podfile.lock. Run 'pod install' or update your CocoaPods installation.\" >&2\n    exit 1\nfi\n";
			showEnvVarsInLog = 0;
		};
		700533C4BA8263FD306EFC26 /* [CP] Embed Pods Frameworks */ = {
			isa = PBXShellScriptBuildPhase;
			buildActionMask = 2147483647;
			files = (
			);
			inputPaths = (
			);
			name = "[CP] Embed Pods Frameworks";
			outputPaths = (
			);
			runOnlyForDeploymentPostprocessing = 0;
			shellPath = /bin/sh;
			shellScript = "\"${SRCROOT}/Pods/Target Support Files/Pods-Mundus_ios/Pods-Mundus_ios-frameworks.sh\"\n";
			showEnvVarsInLog = 0;
		};
		95912C91067DE4AB8C660796 /* [CP] Check Pods Manifest.lock */ = {
			isa = PBXShellScriptBuildPhase;
			buildActionMask = 2147483647;
			files = (
			);
			inputPaths = (
			);
			name = "[CP] Check Pods Manifest.lock";
			outputPaths = (
			);
			runOnlyForDeploymentPostprocessing = 0;
			shellPath = /bin/sh;
			shellScript = "diff \"${PODS_ROOT}/../Podfile.lock\" \"${PODS_ROOT}/Manifest.lock\" > /dev/null\nif [ $? != 0 ] ; then\n    # print error to STDERR\n    echo \"error: The sandbox is not in sync with the Podfile.lock. Run 'pod install' or update your CocoaPods installation.\" >&2\n    exit 1\nfi\n";
			showEnvVarsInLog = 0;
		};
		A5CB56EA7DCDC29457F38FE2 /* [CP] Check Pods Manifest.lock */ = {
			isa = PBXShellScriptBuildPhase;
			buildActionMask = 2147483647;
			files = (
			);
			inputPaths = (
			);
			name = "[CP] Check Pods Manifest.lock";
			outputPaths = (
			);
			runOnlyForDeploymentPostprocessing = 0;
			shellPath = /bin/sh;
			shellScript = "diff \"${PODS_ROOT}/../Podfile.lock\" \"${PODS_ROOT}/Manifest.lock\" > /dev/null\nif [ $? != 0 ] ; then\n    # print error to STDERR\n    echo \"error: The sandbox is not in sync with the Podfile.lock. Run 'pod install' or update your CocoaPods installation.\" >&2\n    exit 1\nfi\n";
			showEnvVarsInLog = 0;
		};
		D6DC1FAA59F8C7A9A73A0734 /* [CP] Copy Pods Resources */ = {
			isa = PBXShellScriptBuildPhase;
			buildActionMask = 2147483647;
			files = (
			);
			inputPaths = (
			);
			name = "[CP] Copy Pods Resources";
			outputPaths = (
			);
			runOnlyForDeploymentPostprocessing = 0;
			shellPath = /bin/sh;
			shellScript = "\"${SRCROOT}/Pods/Target Support Files/Pods-Mundus_ios/Pods-Mundus_ios-resources.sh\"\n";
			showEnvVarsInLog = 0;
		};
		F5B889356762530F3B3E27BE /* [CP] Copy Pods Resources */ = {
			isa = PBXShellScriptBuildPhase;
			buildActionMask = 2147483647;
			files = (
			);
			inputPaths = (
			);
			name = "[CP] Copy Pods Resources";
			outputPaths = (
			);
			runOnlyForDeploymentPostprocessing = 0;
			shellPath = /bin/sh;
			shellScript = "\"${SRCROOT}/Pods/Target Support Files/Pods-Mundus_iosUITests/Pods-Mundus_iosUITests-resources.sh\"\n";
			showEnvVarsInLog = 0;
		};
/* End PBXShellScriptBuildPhase section */

/* Begin PBXSourcesBuildPhase section */
		52D930831E083568000D7EF1 /* Sources */ = {
			isa = PBXSourcesBuildPhase;
			buildActionMask = 2147483647;
			files = (
				52D9308D1E083569000D7EF1 /* GameSetupVC.swift in Sources */,
				52D9308B1E083569000D7EF1 /* AppDelegate.swift in Sources */,
				52491BAC1E1D2CE10003B2E9 /* SessionPlayersTVC.swift in Sources */,
				527F995D1E1DD35600A04EF5 /* CardView.swift in Sources */,
				6122BCA5453ACAE1F8EC16DC /* AdminQuestionsVC.swift in Sources */,
				527F995F1E1EDC7300A04EF5 /* SourcesVC.swift in Sources */,
				6122B034291661639D8929FB /* TokenVC.swift in Sources */,
				6122B8C43D3A279EEC526942 /* AdminDashBoard.swift in Sources */,
				6122BBFC7C6ADB4BE044CB90 /* SessionPlayerCell.swift in Sources */,
				6122BC2B9151F41B5A24F431 /* AdminQuestionCell.swift in Sources */,
				6122BD8CB98B1D76ECEF89DC /* ImgCell.swift in Sources */,
				6122B2B8C4F698A3060250B9 /* Mundus.swift in Sources */,
				6122B303F2656E16B15AAD78 /* UserQuestionVC.swift in Sources */,
				6122BD71405B6FA9481B0FB1 /* PublicationCell.swift in Sources */,
				6122BB13A5AA50DDAA97A1C6 /* UserQuestionCell.swift in Sources */,
				6122B7A093ABD57984C64167 /* PlaceholderViewholder.swift in Sources */,
				6122BDBE6BAAF0BC32BE129D /* Mp3VC.swift in Sources */,
				6122BD07C588E8484038D66A /* ReviewCallback.swift in Sources */,
			);
			runOnlyForDeploymentPostprocessing = 0;
		};
		52D930971E083569000D7EF1 /* Sources */ = {
			isa = PBXSourcesBuildPhase;
			buildActionMask = 2147483647;
			files = (
				3F3C15EA1E37F1990086413E /* Mundus_iosTests.swift in Sources */,
			);
			runOnlyForDeploymentPostprocessing = 0;
		};
		52D930A21E083569000D7EF1 /* Sources */ = {
			isa = PBXSourcesBuildPhase;
			buildActionMask = 2147483647;
			files = (
				52D930AB1E083569000D7EF1 /* Mundus_iosUITests.swift in Sources */,
			);
			runOnlyForDeploymentPostprocessing = 0;
		};
/* End PBXSourcesBuildPhase section */

/* Begin PBXTargetDependency section */
		52D9309D1E083569000D7EF1 /* PBXTargetDependency */ = {
			isa = PBXTargetDependency;
			target = 52D930861E083568000D7EF1 /* Mundus_ios */;
			targetProxy = 52D9309C1E083569000D7EF1 /* PBXContainerItemProxy */;
		};
		52D930A81E083569000D7EF1 /* PBXTargetDependency */ = {
			isa = PBXTargetDependency;
			target = 52D930861E083568000D7EF1 /* Mundus_ios */;
			targetProxy = 52D930A71E083569000D7EF1 /* PBXContainerItemProxy */;
		};
/* End PBXTargetDependency section */

/* Begin PBXVariantGroup section */
		52D9308E1E083569000D7EF1 /* Main.storyboard */ = {
			isa = PBXVariantGroup;
			children = (
				52D9308F1E083569000D7EF1 /* Base */,
			);
			name = Main.storyboard;
			sourceTree = "<group>";
		};
		52D930931E083569000D7EF1 /* LaunchScreen.storyboard */ = {
			isa = PBXVariantGroup;
			children = (
				52D930941E083569000D7EF1 /* Base */,
			);
			name = LaunchScreen.storyboard;
			sourceTree = "<group>";
		};
/* End PBXVariantGroup section */

/* Begin XCBuildConfiguration section */
		52D930AD1E083569000D7EF1 /* Debug */ = {
			isa = XCBuildConfiguration;
			buildSettings = {
				ALWAYS_EMBED_SWIFT_STANDARD_LIBRARIES = YES;
				ALWAYS_SEARCH_USER_PATHS = NO;
				CLANG_ANALYZER_LOCALIZABILITY_NONLOCALIZED = YES;
				CLANG_ANALYZER_NONNULL = YES;
				CLANG_CXX_LANGUAGE_STANDARD = "gnu++0x";
				CLANG_CXX_LIBRARY = "libc++";
				CLANG_ENABLE_MODULES = YES;
				CLANG_ENABLE_OBJC_ARC = YES;
				CLANG_WARN_BOOL_CONVERSION = YES;
				CLANG_WARN_CONSTANT_CONVERSION = YES;
				CLANG_WARN_DIRECT_OBJC_ISA_USAGE = YES_ERROR;
				CLANG_WARN_DOCUMENTATION_COMMENTS = YES;
				CLANG_WARN_EMPTY_BODY = YES;
				CLANG_WARN_ENUM_CONVERSION = YES;
				CLANG_WARN_INFINITE_RECURSION = YES;
				CLANG_WARN_INT_CONVERSION = YES;
				CLANG_WARN_OBJC_ROOT_CLASS = YES_ERROR;
				CLANG_WARN_SUSPICIOUS_MOVE = YES;
				CLANG_WARN_UNREACHABLE_CODE = YES;
				CLANG_WARN__DUPLICATE_METHOD_MATCH = YES;
				"CODE_SIGN_IDENTITY[sdk=iphoneos*]" = "iPhone Developer";
				COPY_PHASE_STRIP = NO;
				DEBUG_INFORMATION_FORMAT = dwarf;
				ENABLE_STRICT_OBJC_MSGSEND = YES;
				ENABLE_TESTABILITY = YES;
				GCC_C_LANGUAGE_STANDARD = gnu99;
				GCC_DYNAMIC_NO_PIC = NO;
				GCC_NO_COMMON_BLOCKS = YES;
				GCC_OPTIMIZATION_LEVEL = 0;
				GCC_PREPROCESSOR_DEFINITIONS = (
					"DEBUG=1",
					"$(inherited)",
				);
				GCC_WARN_64_TO_32_BIT_CONVERSION = YES;
				GCC_WARN_ABOUT_RETURN_TYPE = YES_ERROR;
				GCC_WARN_UNDECLARED_SELECTOR = YES;
				GCC_WARN_UNINITIALIZED_AUTOS = YES_AGGRESSIVE;
				GCC_WARN_UNUSED_FUNCTION = YES;
				GCC_WARN_UNUSED_VARIABLE = YES;
				IPHONEOS_DEPLOYMENT_TARGET = 9.0;
				MTL_ENABLE_DEBUG_INFO = YES;
				ONLY_ACTIVE_ARCH = YES;
				SDKROOT = iphoneos;
				SWIFT_ACTIVE_COMPILATION_CONDITIONS = DEBUG;
				SWIFT_OPTIMIZATION_LEVEL = "-Onone";
				TARGETED_DEVICE_FAMILY = "1,2";
			};
			name = Debug;
		};
		52D930AE1E083569000D7EF1 /* Release */ = {
			isa = XCBuildConfiguration;
			buildSettings = {
				ALWAYS_EMBED_SWIFT_STANDARD_LIBRARIES = YES;
				ALWAYS_SEARCH_USER_PATHS = NO;
				CLANG_ANALYZER_LOCALIZABILITY_NONLOCALIZED = YES;
				CLANG_ANALYZER_NONNULL = YES;
				CLANG_CXX_LANGUAGE_STANDARD = "gnu++0x";
				CLANG_CXX_LIBRARY = "libc++";
				CLANG_ENABLE_MODULES = YES;
				CLANG_ENABLE_OBJC_ARC = YES;
				CLANG_WARN_BOOL_CONVERSION = YES;
				CLANG_WARN_CONSTANT_CONVERSION = YES;
				CLANG_WARN_DIRECT_OBJC_ISA_USAGE = YES_ERROR;
				CLANG_WARN_DOCUMENTATION_COMMENTS = YES;
				CLANG_WARN_EMPTY_BODY = YES;
				CLANG_WARN_ENUM_CONVERSION = YES;
				CLANG_WARN_INFINITE_RECURSION = YES;
				CLANG_WARN_INT_CONVERSION = YES;
				CLANG_WARN_OBJC_ROOT_CLASS = YES_ERROR;
				CLANG_WARN_SUSPICIOUS_MOVE = YES;
				CLANG_WARN_UNREACHABLE_CODE = YES;
				CLANG_WARN__DUPLICATE_METHOD_MATCH = YES;
				"CODE_SIGN_IDENTITY[sdk=iphoneos*]" = "iPhone Developer";
				COPY_PHASE_STRIP = NO;
				DEBUG_INFORMATION_FORMAT = "dwarf-with-dsym";
				ENABLE_NS_ASSERTIONS = NO;
				ENABLE_STRICT_OBJC_MSGSEND = YES;
				GCC_C_LANGUAGE_STANDARD = gnu99;
				GCC_NO_COMMON_BLOCKS = YES;
				GCC_WARN_64_TO_32_BIT_CONVERSION = YES;
				GCC_WARN_ABOUT_RETURN_TYPE = YES_ERROR;
				GCC_WARN_UNDECLARED_SELECTOR = YES;
				GCC_WARN_UNINITIALIZED_AUTOS = YES_AGGRESSIVE;
				GCC_WARN_UNUSED_FUNCTION = YES;
				GCC_WARN_UNUSED_VARIABLE = YES;
				IPHONEOS_DEPLOYMENT_TARGET = 9.0;
				MTL_ENABLE_DEBUG_INFO = NO;
				SDKROOT = iphoneos;
				SWIFT_OPTIMIZATION_LEVEL = "-Owholemodule";
				TARGETED_DEVICE_FAMILY = "1,2";
				VALIDATE_PRODUCT = YES;
			};
			name = Release;
		};
		52D930B01E083569000D7EF1 /* Debug */ = {
			isa = XCBuildConfiguration;
			baseConfigurationReference = F54018A36C9ADE82475AAB19 /* Pods-Mundus_ios.debug.xcconfig */;
			buildSettings = {
				ALWAYS_EMBED_SWIFT_STANDARD_LIBRARIES = YES;
				ASSETCATALOG_COMPILER_APPICON_NAME = AppIcon;
				DEVELOPMENT_TEAM = "";
				EMBED_ASSET_PACKS_IN_PRODUCT_BUNDLE = NO;
				INFOPLIST_FILE = Mundus_ios/Info.plist;
				IPHONEOS_DEPLOYMENT_TARGET = 9.0;
				LD_RUNPATH_SEARCH_PATHS = "$(inherited) @executable_path/Frameworks";
				PRODUCT_BUNDLE_IDENTIFIER = "Mundus-ios-2";
				PRODUCT_NAME = "$(TARGET_NAME)";
				SWIFT_VERSION = 3.0;
				TARGETED_DEVICE_FAMILY = "1,2";
			};
			name = Debug;
		};
		52D930B11E083569000D7EF1 /* Release */ = {
			isa = XCBuildConfiguration;
			baseConfigurationReference = 2F82466C457ABA2D2DB4B881 /* Pods-Mundus_ios.release.xcconfig */;
			buildSettings = {
				ALWAYS_EMBED_SWIFT_STANDARD_LIBRARIES = YES;
				ASSETCATALOG_COMPILER_APPICON_NAME = AppIcon;
				DEVELOPMENT_TEAM = "";
				EMBED_ASSET_PACKS_IN_PRODUCT_BUNDLE = NO;
				INFOPLIST_FILE = Mundus_ios/Info.plist;
				IPHONEOS_DEPLOYMENT_TARGET = 9.0;
				LD_RUNPATH_SEARCH_PATHS = "$(inherited) @executable_path/Frameworks";
				ON_DEMAND_RESOURCES_PREFETCH_ORDER = "";
				PRODUCT_BUNDLE_IDENTIFIER = "Mundus-ios-2";
				PRODUCT_NAME = "$(TARGET_NAME)";
				SWIFT_VERSION = 3.0;
				TARGETED_DEVICE_FAMILY = "1,2";
			};
			name = Release;
		};
		52D930B31E083569000D7EF1 /* Debug */ = {
			isa = XCBuildConfiguration;
			baseConfigurationReference = EF8B3B799D13836316AB4322 /* Pods-Mundus_iosTests.debug.xcconfig */;
			buildSettings = {
				ALWAYS_EMBED_SWIFT_STANDARD_LIBRARIES = YES;
				BUNDLE_LOADER = "$(TEST_HOST)";
				DEVELOPMENT_TEAM = "";
				INFOPLIST_FILE = Mundus_iosTests/Info.plist;
				IPHONEOS_DEPLOYMENT_TARGET = 9.0;
				LD_RUNPATH_SEARCH_PATHS = "$(inherited) @executable_path/Frameworks @loader_path/Frameworks";
				PRODUCT_BUNDLE_IDENTIFIER = "nl.mundus.Mundus-iosTests";
				PRODUCT_NAME = "$(TARGET_NAME)";
				SWIFT_VERSION = 3.0;
				TEST_HOST = "$(BUILT_PRODUCTS_DIR)/Mundus_ios.app/Mundus";
			};
			name = Debug;
		};
		52D930B41E083569000D7EF1 /* Release */ = {
			isa = XCBuildConfiguration;
			baseConfigurationReference = 5500B6A8DA923EF0BDEA966A /* Pods-Mundus_iosTests.release.xcconfig */;
			buildSettings = {
				ALWAYS_EMBED_SWIFT_STANDARD_LIBRARIES = YES;
				BUNDLE_LOADER = "$(TEST_HOST)";
				DEVELOPMENT_TEAM = "";
				INFOPLIST_FILE = Mundus_iosTests/Info.plist;
				IPHONEOS_DEPLOYMENT_TARGET = 9.0;
				LD_RUNPATH_SEARCH_PATHS = "$(inherited) @executable_path/Frameworks @loader_path/Frameworks";
				PRODUCT_BUNDLE_IDENTIFIER = "nl.mundus.Mundus-iosTests";
				PRODUCT_NAME = "$(TARGET_NAME)";
				SWIFT_VERSION = 3.0;
				TEST_HOST = "$(BUILT_PRODUCTS_DIR)/Mundus_ios.app/Mundus";
			};
			name = Release;
		};
		52D930B61E083569000D7EF1 /* Debug */ = {
			isa = XCBuildConfiguration;
			baseConfigurationReference = 926502BEC3ECE13A8DECFFC2 /* Pods-Mundus_iosUITests.debug.xcconfig */;
			buildSettings = {
				ALWAYS_EMBED_SWIFT_STANDARD_LIBRARIES = YES;
				DEVELOPMENT_TEAM = "";
				INFOPLIST_FILE = Mundus_iosUITests/Info.plist;
				IPHONEOS_DEPLOYMENT_TARGET = 9.0;
				LD_RUNPATH_SEARCH_PATHS = "$(inherited) @executable_path/Frameworks @loader_path/Frameworks";
				PRODUCT_BUNDLE_IDENTIFIER = "nl.mundus.Mundus-iosUITests";
				PRODUCT_NAME = "$(TARGET_NAME)";
				SWIFT_VERSION = 3.0;
				TEST_TARGET_NAME = Mundus_ios;
			};
			name = Debug;
		};
		52D930B71E083569000D7EF1 /* Release */ = {
			isa = XCBuildConfiguration;
			baseConfigurationReference = 8351758911D96C99E6507386 /* Pods-Mundus_iosUITests.release.xcconfig */;
			buildSettings = {
				ALWAYS_EMBED_SWIFT_STANDARD_LIBRARIES = YES;
				DEVELOPMENT_TEAM = "";
				INFOPLIST_FILE = Mundus_iosUITests/Info.plist;
				IPHONEOS_DEPLOYMENT_TARGET = 9.0;
				LD_RUNPATH_SEARCH_PATHS = "$(inherited) @executable_path/Frameworks @loader_path/Frameworks";
				PRODUCT_BUNDLE_IDENTIFIER = "nl.mundus.Mundus-iosUITests";
				PRODUCT_NAME = "$(TARGET_NAME)";
				SWIFT_VERSION = 3.0;
				TEST_TARGET_NAME = Mundus_ios;
			};
			name = Release;
		};
/* End XCBuildConfiguration section */

/* Begin XCConfigurationList section */
		52D930821E083568000D7EF1 /* Build configuration list for PBXProject "Mundus_ios" */ = {
			isa = XCConfigurationList;
			buildConfigurations = (
				52D930AD1E083569000D7EF1 /* Debug */,
				52D930AE1E083569000D7EF1 /* Release */,
			);
			defaultConfigurationIsVisible = 0;
			defaultConfigurationName = Release;
		};
		52D930AF1E083569000D7EF1 /* Build configuration list for PBXNativeTarget "Mundus_ios" */ = {
			isa = XCConfigurationList;
			buildConfigurations = (
				52D930B01E083569000D7EF1 /* Debug */,
				52D930B11E083569000D7EF1 /* Release */,
			);
			defaultConfigurationIsVisible = 0;
			defaultConfigurationName = Release;
		};
		52D930B21E083569000D7EF1 /* Build configuration list for PBXNativeTarget "Mundus_iosTests" */ = {
			isa = XCConfigurationList;
			buildConfigurations = (
				52D930B31E083569000D7EF1 /* Debug */,
				52D930B41E083569000D7EF1 /* Release */,
			);
			defaultConfigurationIsVisible = 0;
			defaultConfigurationName = Release;
		};
		52D930B51E083569000D7EF1 /* Build configuration list for PBXNativeTarget "Mundus_iosUITests" */ = {
			isa = XCConfigurationList;
			buildConfigurations = (
				52D930B61E083569000D7EF1 /* Debug */,
				52D930B71E083569000D7EF1 /* Release */,
			);
			defaultConfigurationIsVisible = 0;
			defaultConfigurationName = Release;
		};
/* End XCConfigurationList section */
	};
	rootObject = 52D9307F1E083568000D7EF1 /* Project object */;
}
